// !$*UTF8*$!
{
	archiveVersion = 1;
	classes = {
	};
	objectVersion = 56;
	objects = {

/* Begin PBXBuildFile section */
		3A63D33B28E8C21400BE5241 /* Router.swift in Sources */ = {isa = PBXBuildFile; fileRef = 3A63D33A28E8C21400BE5241 /* Router.swift */; };
		3A63D33D28E8C21E00BE5241 /* DefaultRouter.swift in Sources */ = {isa = PBXBuildFile; fileRef = 3A63D33C28E8C21E00BE5241 /* DefaultRouter.swift */; };
		3A63D34028E8C25400BE5241 /* ModalTransition.swift in Sources */ = {isa = PBXBuildFile; fileRef = 3A63D33F28E8C25400BE5241 /* ModalTransition.swift */; };
		3A63D34228E8C26200BE5241 /* Transition.swift in Sources */ = {isa = PBXBuildFile; fileRef = 3A63D34128E8C26200BE5241 /* Transition.swift */; };
		3A63D34428E8C27000BE5241 /* EmptyTransition.swift in Sources */ = {isa = PBXBuildFile; fileRef = 3A63D34328E8C27000BE5241 /* EmptyTransition.swift */; };
		3A63D34628E8C28300BE5241 /* PushTransition.swift in Sources */ = {isa = PBXBuildFile; fileRef = 3A63D34528E8C28300BE5241 /* PushTransition.swift */; };
		3A63D34928E8C2F600BE5241 /* AnimatedTransition.swift in Sources */ = {isa = PBXBuildFile; fileRef = 3A63D34828E8C2F600BE5241 /* AnimatedTransition.swift */; };
		3A63D34B28E8C30400BE5241 /* FadeAnimationTransitioning.swift in Sources */ = {isa = PBXBuildFile; fileRef = 3A63D34A28E8C30400BE5241 /* FadeAnimationTransitioning.swift */; };
		3A63D34F28E8C54400BE5241 /* Movie.swift in Sources */ = {isa = PBXBuildFile; fileRef = 3A63D34E28E8C54400BE5241 /* Movie.swift */; };
		3A63D35728E8CC2900BE5241 /* DetailedInfoViewController.swift in Sources */ = {isa = PBXBuildFile; fileRef = 3A63D35528E8CC2900BE5241 /* DetailedInfoViewController.swift */; };
		3A63D35828E8CC2900BE5241 /* DetailedInfoViewController.xib in Resources */ = {isa = PBXBuildFile; fileRef = 3A63D35628E8CC2900BE5241 /* DetailedInfoViewController.xib */; };
		3A63D35A28E8CDF700BE5241 /* DetailedInfoPresenter.swift in Sources */ = {isa = PBXBuildFile; fileRef = 3A63D35928E8CDF700BE5241 /* DetailedInfoPresenter.swift */; };
		3A63D35C28E8CF7200BE5241 /* MovieDetailedInfoRouter.swift in Sources */ = {isa = PBXBuildFile; fileRef = 3A63D35B28E8CF7200BE5241 /* MovieDetailedInfoRouter.swift */; };
		3A954A7F28E82AD700D5543C /* AppDelegate.swift in Sources */ = {isa = PBXBuildFile; fileRef = 3A954A7E28E82AD700D5543C /* AppDelegate.swift */; };
		3A954A8828E82AD900D5543C /* Assets.xcassets in Resources */ = {isa = PBXBuildFile; fileRef = 3A954A8728E82AD900D5543C /* Assets.xcassets */; };
		3A954A8B28E82AD900D5543C /* LaunchScreen.storyboard in Resources */ = {isa = PBXBuildFile; fileRef = 3A954A8928E82AD900D5543C /* LaunchScreen.storyboard */; };
		3A954A9528E82D6200D5543C /* Errors.swift in Sources */ = {isa = PBXBuildFile; fileRef = 3A954A9428E82D6200D5543C /* Errors.swift */; };
		3A954A9928E82E0E00D5543C /* JSON Model.swift in Sources */ = {isa = PBXBuildFile; fileRef = 3A954A9828E82E0E00D5543C /* JSON Model.swift */; };
		3A954A9B28E82E1C00D5543C /* NetworkService.swift in Sources */ = {isa = PBXBuildFile; fileRef = 3A954A9A28E82E1C00D5543C /* NetworkService.swift */; };
		3A954A9E28E82E4600D5543C /* AlertView.swift in Sources */ = {isa = PBXBuildFile; fileRef = 3A954A9D28E82E4600D5543C /* AlertView.swift */; };
		3A954AA428E82F3200D5543C /* MoviesListViewController.swift in Sources */ = {isa = PBXBuildFile; fileRef = 3A954AA228E82F3200D5543C /* MoviesListViewController.swift */; };
		3A954AA528E82F3200D5543C /* MoviesListViewController.xib in Resources */ = {isa = PBXBuildFile; fileRef = 3A954AA328E82F3200D5543C /* MoviesListViewController.xib */; };
		3A954AA928E82F6900D5543C /* MovieTableViewCell.swift in Sources */ = {isa = PBXBuildFile; fileRef = 3A954AA728E82F6900D5543C /* MovieTableViewCell.swift */; };
		3A954AAA28E82F6900D5543C /* MovieTableViewCell.xib in Resources */ = {isa = PBXBuildFile; fileRef = 3A954AA828E82F6900D5543C /* MovieTableViewCell.xib */; };
		3A954AAD28E832D400D5543C /* MoviesListPresenter.swift in Sources */ = {isa = PBXBuildFile; fileRef = 3A954AAC28E832D400D5543C /* MoviesListPresenter.swift */; };
		3A954AB028E8336000D5543C /* MoviesListInteractor.swift in Sources */ = {isa = PBXBuildFile; fileRef = 3A954AAF28E8336000D5543C /* MoviesListInteractor.swift */; };
		3A954AB328E833CA00D5543C /* MoviesListRouter.swift in Sources */ = {isa = PBXBuildFile; fileRef = 3A954AB228E833CA00D5543C /* MoviesListRouter.swift */; };
/* End PBXBuildFile section */

/* Begin PBXFileReference section */
		3A63D33A28E8C21400BE5241 /* Router.swift */ = {isa = PBXFileReference; lastKnownFileType = sourcecode.swift; path = Router.swift; sourceTree = "<group>"; };
		3A63D33C28E8C21E00BE5241 /* DefaultRouter.swift */ = {isa = PBXFileReference; lastKnownFileType = sourcecode.swift; path = DefaultRouter.swift; sourceTree = "<group>"; };
		3A63D33F28E8C25400BE5241 /* ModalTransition.swift */ = {isa = PBXFileReference; lastKnownFileType = sourcecode.swift; path = ModalTransition.swift; sourceTree = "<group>"; };
		3A63D34128E8C26200BE5241 /* Transition.swift */ = {isa = PBXFileReference; lastKnownFileType = sourcecode.swift; path = Transition.swift; sourceTree = "<group>"; };
		3A63D34328E8C27000BE5241 /* EmptyTransition.swift */ = {isa = PBXFileReference; lastKnownFileType = sourcecode.swift; path = EmptyTransition.swift; sourceTree = "<group>"; };
		3A63D34528E8C28300BE5241 /* PushTransition.swift */ = {isa = PBXFileReference; lastKnownFileType = sourcecode.swift; path = PushTransition.swift; sourceTree = "<group>"; };
		3A63D34828E8C2F600BE5241 /* AnimatedTransition.swift */ = {isa = PBXFileReference; lastKnownFileType = sourcecode.swift; path = AnimatedTransition.swift; sourceTree = "<group>"; };
		3A63D34A28E8C30400BE5241 /* FadeAnimationTransitioning.swift */ = {isa = PBXFileReference; lastKnownFileType = sourcecode.swift; path = FadeAnimationTransitioning.swift; sourceTree = "<group>"; };
		3A63D34E28E8C54400BE5241 /* Movie.swift */ = {isa = PBXFileReference; lastKnownFileType = sourcecode.swift; path = Movie.swift; sourceTree = "<group>"; };
		3A63D35528E8CC2900BE5241 /* DetailedInfoViewController.swift */ = {isa = PBXFileReference; lastKnownFileType = sourcecode.swift; path = DetailedInfoViewController.swift; sourceTree = "<group>"; };
		3A63D35628E8CC2900BE5241 /* DetailedInfoViewController.xib */ = {isa = PBXFileReference; lastKnownFileType = file.xib; path = DetailedInfoViewController.xib; sourceTree = "<group>"; };
		3A63D35928E8CDF700BE5241 /* DetailedInfoPresenter.swift */ = {isa = PBXFileReference; lastKnownFileType = sourcecode.swift; path = DetailedInfoPresenter.swift; sourceTree = "<group>"; };
		3A63D35B28E8CF7200BE5241 /* MovieDetailedInfoRouter.swift */ = {isa = PBXFileReference; lastKnownFileType = sourcecode.swift; path = MovieDetailedInfoRouter.swift; sourceTree = "<group>"; };
		3A954A7B28E82AD700D5543C /* IMDb client VIPER.app */ = {isa = PBXFileReference; explicitFileType = wrapper.application; includeInIndex = 0; path = "IMDb client VIPER.app"; sourceTree = BUILT_PRODUCTS_DIR; };
		3A954A7E28E82AD700D5543C /* AppDelegate.swift */ = {isa = PBXFileReference; lastKnownFileType = sourcecode.swift; path = AppDelegate.swift; sourceTree = "<group>"; };
		3A954A8728E82AD900D5543C /* Assets.xcassets */ = {isa = PBXFileReference; lastKnownFileType = folder.assetcatalog; path = Assets.xcassets; sourceTree = "<group>"; };
		3A954A8A28E82AD900D5543C /* Base */ = {isa = PBXFileReference; lastKnownFileType = file.storyboard; name = Base; path = Base.lproj/LaunchScreen.storyboard; sourceTree = "<group>"; };
		3A954A8C28E82AD900D5543C /* Info.plist */ = {isa = PBXFileReference; lastKnownFileType = text.plist.xml; path = Info.plist; sourceTree = "<group>"; };
		3A954A9428E82D6200D5543C /* Errors.swift */ = {isa = PBXFileReference; lastKnownFileType = sourcecode.swift; path = Errors.swift; sourceTree = "<group>"; };
		3A954A9828E82E0E00D5543C /* JSON Model.swift */ = {isa = PBXFileReference; lastKnownFileType = sourcecode.swift; path = "JSON Model.swift"; sourceTree = "<group>"; };
		3A954A9A28E82E1C00D5543C /* NetworkService.swift */ = {isa = PBXFileReference; lastKnownFileType = sourcecode.swift; path = NetworkService.swift; sourceTree = "<group>"; };
		3A954A9D28E82E4600D5543C /* AlertView.swift */ = {isa = PBXFileReference; lastKnownFileType = sourcecode.swift; path = AlertView.swift; sourceTree = "<group>"; };
		3A954AA228E82F3200D5543C /* MoviesListViewController.swift */ = {isa = PBXFileReference; lastKnownFileType = sourcecode.swift; path = MoviesListViewController.swift; sourceTree = "<group>"; };
		3A954AA328E82F3200D5543C /* MoviesListViewController.xib */ = {isa = PBXFileReference; lastKnownFileType = file.xib; path = MoviesListViewController.xib; sourceTree = "<group>"; };
		3A954AA728E82F6900D5543C /* MovieTableViewCell.swift */ = {isa = PBXFileReference; lastKnownFileType = sourcecode.swift; path = MovieTableViewCell.swift; sourceTree = "<group>"; };
		3A954AA828E82F6900D5543C /* MovieTableViewCell.xib */ = {isa = PBXFileReference; lastKnownFileType = file.xib; path = MovieTableViewCell.xib; sourceTree = "<group>"; };
		3A954AAC28E832D400D5543C /* MoviesListPresenter.swift */ = {isa = PBXFileReference; lastKnownFileType = sourcecode.swift; path = MoviesListPresenter.swift; sourceTree = "<group>"; };
		3A954AAF28E8336000D5543C /* MoviesListInteractor.swift */ = {isa = PBXFileReference; lastKnownFileType = sourcecode.swift; path = MoviesListInteractor.swift; sourceTree = "<group>"; };
		3A954AB228E833CA00D5543C /* MoviesListRouter.swift */ = {isa = PBXFileReference; lastKnownFileType = sourcecode.swift; path = MoviesListRouter.swift; sourceTree = "<group>"; };
/* End PBXFileReference section */

/* Begin PBXFrameworksBuildPhase section */
		3A954A7828E82AD700D5543C /* Frameworks */ = {
			isa = PBXFrameworksBuildPhase;
			buildActionMask = 2147483647;
			files = (
			);
			runOnlyForDeploymentPostprocessing = 0;
		};
/* End PBXFrameworksBuildPhase section */

/* Begin PBXGroup section */
		3A63D33928E8C19600BE5241 /* Router */ = {
			isa = PBXGroup;
			children = (
				3A63D33E28E8C24100BE5241 /* Transition */,
				3A63D33A28E8C21400BE5241 /* Router.swift */,
				3A63D33C28E8C21E00BE5241 /* DefaultRouter.swift */,
			);
			path = Router;
			sourceTree = "<group>";
		};
		3A63D33E28E8C24100BE5241 /* Transition */ = {
			isa = PBXGroup;
			children = (
				3A63D34728E8C2E800BE5241 /* Animated */,
				3A63D33F28E8C25400BE5241 /* ModalTransition.swift */,
				3A63D34128E8C26200BE5241 /* Transition.swift */,
				3A63D34328E8C27000BE5241 /* EmptyTransition.swift */,
				3A63D34528E8C28300BE5241 /* PushTransition.swift */,
			);
			path = Transition;
			sourceTree = "<group>";
		};
		3A63D34728E8C2E800BE5241 /* Animated */ = {
			isa = PBXGroup;
			children = (
				3A63D34C28E8C30900BE5241 /* FadeAnimationTransitioning */,
			);
			path = Animated;
			sourceTree = "<group>";
		};
		3A63D34C28E8C30900BE5241 /* FadeAnimationTransitioning */ = {
			isa = PBXGroup;
			children = (
				3A63D34A28E8C30400BE5241 /* FadeAnimationTransitioning.swift */,
				3A63D34828E8C2F600BE5241 /* AnimatedTransition.swift */,
			);
			path = FadeAnimationTransitioning;
			sourceTree = "<group>";
		};
		3A63D34D28E8C53400BE5241 /* Entity */ = {
			isa = PBXGroup;
			children = (
				3A63D34E28E8C54400BE5241 /* Movie.swift */,
			);
			path = Entity;
			sourceTree = "<group>";
		};
		3A63D35028E8CB5F00BE5241 /* DetailedMovieInfoModule */ = {
			isa = PBXGroup;
			children = (
				3A63D35428E8CB8600BE5241 /* View */,
				3A63D35228E8CB7900BE5241 /* Presenter */,
				3A63D35128E8CB7200BE5241 /* Router */,
			);
			path = DetailedMovieInfoModule;
			sourceTree = "<group>";
		};
		3A63D35128E8CB7200BE5241 /* Router */ = {
			isa = PBXGroup;
			children = (
				3A63D35B28E8CF7200BE5241 /* MovieDetailedInfoRouter.swift */,
			);
			path = Router;
			sourceTree = "<group>";
		};
		3A63D35228E8CB7900BE5241 /* Presenter */ = {
			isa = PBXGroup;
			children = (
				3A63D35928E8CDF700BE5241 /* DetailedInfoPresenter.swift */,
			);
			path = Presenter;
			sourceTree = "<group>";
		};
		3A63D35428E8CB8600BE5241 /* View */ = {
			isa = PBXGroup;
			children = (
				3A63D35528E8CC2900BE5241 /* DetailedInfoViewController.swift */,
				3A63D35628E8CC2900BE5241 /* DetailedInfoViewController.xib */,
			);
			path = View;
			sourceTree = "<group>";
		};
		3A954A7228E82AD700D5543C = {
			isa = PBXGroup;
			children = (
				3A954A7D28E82AD700D5543C /* IMDb client VIPER */,
				3A954A7C28E82AD700D5543C /* Products */,
			);
			sourceTree = "<group>";
		};
		3A954A7C28E82AD700D5543C /* Products */ = {
			isa = PBXGroup;
			children = (
				3A954A7B28E82AD700D5543C /* IMDb client VIPER.app */,
			);
			name = Products;
			sourceTree = "<group>";
		};
		3A954A7D28E82AD700D5543C /* IMDb client VIPER */ = {
			isa = PBXGroup;
			children = (
				3A954A7E28E82AD700D5543C /* AppDelegate.swift */,
				3A954A9228E82AFF00D5543C /* Application */,
				3A63D34D28E8C53400BE5241 /* Entity */,
				3A63D33928E8C19600BE5241 /* Router */,
				3A954A9F28E82EDD00D5543C /* BusinessModules */,
				3A954A9C28E82E3400D5543C /* Supporting Views */,
				3A954A9628E82DF400D5543C /* Services */,
				3A954A9328E82D5000D5543C /* Constants */,
			);
			path = "IMDb client VIPER";
			sourceTree = "<group>";
		};
		3A954A9228E82AFF00D5543C /* Application */ = {
			isa = PBXGroup;
			children = (
				3A954A8728E82AD900D5543C /* Assets.xcassets */,
				3A954A8928E82AD900D5543C /* LaunchScreen.storyboard */,
				3A954A8C28E82AD900D5543C /* Info.plist */,
			);
			path = Application;
			sourceTree = "<group>";
		};
		3A954A9328E82D5000D5543C /* Constants */ = {
			isa = PBXGroup;
			children = (
				3A954A9428E82D6200D5543C /* Errors.swift */,
			);
			path = Constants;
			sourceTree = "<group>";
		};
		3A954A9628E82DF400D5543C /* Services */ = {
			isa = PBXGroup;
			children = (
				3A954A9728E82DFC00D5543C /* NetworkService */,
			);
			path = Services;
			sourceTree = "<group>";
		};
		3A954A9728E82DFC00D5543C /* NetworkService */ = {
			isa = PBXGroup;
			children = (
				3A954A9828E82E0E00D5543C /* JSON Model.swift */,
				3A954A9A28E82E1C00D5543C /* NetworkService.swift */,
			);
			path = NetworkService;
			sourceTree = "<group>";
		};
		3A954A9C28E82E3400D5543C /* Supporting Views */ = {
			isa = PBXGroup;
			children = (
				3A954A9D28E82E4600D5543C /* AlertView.swift */,
			);
			path = "Supporting Views";
			sourceTree = "<group>";
		};
		3A954A9F28E82EDD00D5543C /* BusinessModules */ = {
			isa = PBXGroup;
			children = (
				3A954AA028E82EFA00D5543C /* MoviesListModule */,
				3A63D35028E8CB5F00BE5241 /* DetailedMovieInfoModule */,
			);
			path = BusinessModules;
			sourceTree = "<group>";
		};
		3A954AA028E82EFA00D5543C /* MoviesListModule */ = {
			isa = PBXGroup;
			children = (
				3A954AA128E82F0B00D5543C /* View */,
				3A954AAB28E832C100D5543C /* Presenter */,
				3A954AB128E833AD00D5543C /* Router */,
				3A954AAE28E8333300D5543C /* Interactor */,
			);
			path = MoviesListModule;
			sourceTree = "<group>";
		};
		3A954AA128E82F0B00D5543C /* View */ = {
			isa = PBXGroup;
			children = (
				3A954AA628E82F3700D5543C /* Cell */,
				3A954AA228E82F3200D5543C /* MoviesListViewController.swift */,
				3A954AA328E82F3200D5543C /* MoviesListViewController.xib */,
			);
			path = View;
			sourceTree = "<group>";
		};
		3A954AA628E82F3700D5543C /* Cell */ = {
			isa = PBXGroup;
			children = (
				3A954AA728E82F6900D5543C /* MovieTableViewCell.swift */,
				3A954AA828E82F6900D5543C /* MovieTableViewCell.xib */,
			);
			path = Cell;
			sourceTree = "<group>";
		};
		3A954AAB28E832C100D5543C /* Presenter */ = {
			isa = PBXGroup;
			children = (
				3A954AAC28E832D400D5543C /* MoviesListPresenter.swift */,
			);
			path = Presenter;
			sourceTree = "<group>";
		};
		3A954AAE28E8333300D5543C /* Interactor */ = {
			isa = PBXGroup;
			children = (
				3A954AAF28E8336000D5543C /* MoviesListInteractor.swift */,
			);
			path = Interactor;
			sourceTree = "<group>";
		};
		3A954AB128E833AD00D5543C /* Router */ = {
			isa = PBXGroup;
			children = (
				3A954AB228E833CA00D5543C /* MoviesListRouter.swift */,
			);
			path = Router;
			sourceTree = "<group>";
		};
/* End PBXGroup section */

/* Begin PBXNativeTarget section */
		3A954A7A28E82AD700D5543C /* IMDb client VIPER */ = {
			isa = PBXNativeTarget;
			buildConfigurationList = 3A954A8F28E82AD900D5543C /* Build configuration list for PBXNativeTarget "IMDb client VIPER" */;
			buildPhases = (
				3A954A7728E82AD700D5543C /* Sources */,
				3A954A7828E82AD700D5543C /* Frameworks */,
				3A954A7928E82AD700D5543C /* Resources */,
			);
			buildRules = (
			);
			dependencies = (
			);
			name = "IMDb client VIPER";
			productName = "IMDb client VIPER";
			productReference = 3A954A7B28E82AD700D5543C /* IMDb client VIPER.app */;
			productType = "com.apple.product-type.application";
		};
/* End PBXNativeTarget section */

/* Begin PBXProject section */
		3A954A7328E82AD700D5543C /* Project object */ = {
			isa = PBXProject;
			attributes = {
				BuildIndependentTargetsInParallel = 1;
				LastSwiftUpdateCheck = 1400;
				LastUpgradeCheck = 1400;
				TargetAttributes = {
					3A954A7A28E82AD700D5543C = {
						CreatedOnToolsVersion = 14.0.1;
					};
				};
			};
			buildConfigurationList = 3A954A7628E82AD700D5543C /* Build configuration list for PBXProject "IMDb client VIPER" */;
			compatibilityVersion = "Xcode 14.0";
			developmentRegion = en;
			hasScannedForEncodings = 0;
			knownRegions = (
				en,
				Base,
			);
			mainGroup = 3A954A7228E82AD700D5543C;
			productRefGroup = 3A954A7C28E82AD700D5543C /* Products */;
			projectDirPath = "";
			projectRoot = "";
			targets = (
				3A954A7A28E82AD700D5543C /* IMDb client VIPER */,
			);
		};
/* End PBXProject section */

/* Begin PBXResourcesBuildPhase section */
		3A954A7928E82AD700D5543C /* Resources */ = {
			isa = PBXResourcesBuildPhase;
			buildActionMask = 2147483647;
			files = (
				3A954A8B28E82AD900D5543C /* LaunchScreen.storyboard in Resources */,
				3A63D35828E8CC2900BE5241 /* DetailedInfoViewController.xib in Resources */,
				3A954A8828E82AD900D5543C /* Assets.xcassets in Resources */,
				3A954AAA28E82F6900D5543C /* MovieTableViewCell.xib in Resources */,
				3A954AA528E82F3200D5543C /* MoviesListViewController.xib in Resources */,
			);
			runOnlyForDeploymentPostprocessing = 0;
		};
/* End PBXResourcesBuildPhase section */

/* Begin PBXSourcesBuildPhase section */
		3A954A7728E82AD700D5543C /* Sources */ = {
			isa = PBXSourcesBuildPhase;
			buildActionMask = 2147483647;
			files = (
				3A63D35728E8CC2900BE5241 /* DetailedInfoViewController.swift in Sources */,
				3A63D34228E8C26200BE5241 /* Transition.swift in Sources */,
				3A954AA428E82F3200D5543C /* MoviesListViewController.swift in Sources */,
				3A63D35A28E8CDF700BE5241 /* DetailedInfoPresenter.swift in Sources */,
				3A954A9B28E82E1C00D5543C /* NetworkService.swift in Sources */,
				3A63D34928E8C2F600BE5241 /* AnimatedTransition.swift in Sources */,
				3A63D33D28E8C21E00BE5241 /* DefaultRouter.swift in Sources */,
				3A954AAD28E832D400D5543C /* MoviesListPresenter.swift in Sources */,
				3A63D33B28E8C21400BE5241 /* Router.swift in Sources */,
				3A954A9528E82D6200D5543C /* Errors.swift in Sources */,
				3A954A9928E82E0E00D5543C /* JSON Model.swift in Sources */,
				3A63D35C28E8CF7200BE5241 /* MovieDetailedInfoRouter.swift in Sources */,
				3A954A7F28E82AD700D5543C /* AppDelegate.swift in Sources */,
				3A63D34628E8C28300BE5241 /* PushTransition.swift in Sources */,
				3A63D34428E8C27000BE5241 /* EmptyTransition.swift in Sources */,
				3A954AB328E833CA00D5543C /* MoviesListRouter.swift in Sources */,
				3A63D34F28E8C54400BE5241 /* Movie.swift in Sources */,
				3A63D34B28E8C30400BE5241 /* FadeAnimationTransitioning.swift in Sources */,
				3A954AA928E82F6900D5543C /* MovieTableViewCell.swift in Sources */,
				3A954A9E28E82E4600D5543C /* AlertView.swift in Sources */,
				3A63D34028E8C25400BE5241 /* ModalTransition.swift in Sources */,
				3A954AB028E8336000D5543C /* MoviesListInteractor.swift in Sources */,
			);
			runOnlyForDeploymentPostprocessing = 0;
		};
/* End PBXSourcesBuildPhase section */

/* Begin PBXVariantGroup section */
		3A954A8928E82AD900D5543C /* LaunchScreen.storyboard */ = {
			isa = PBXVariantGroup;
			children = (
				3A954A8A28E82AD900D5543C /* Base */,
			);
			name = LaunchScreen.storyboard;
			sourceTree = "<group>";
		};
/* End PBXVariantGroup section */

/* Begin XCBuildConfiguration section */
		3A954A8D28E82AD900D5543C /* Debug */ = {
			isa = XCBuildConfiguration;
			buildSettings = {
				ALWAYS_SEARCH_USER_PATHS = NO;
				CLANG_ANALYZER_NONNULL = YES;
				CLANG_ANALYZER_NUMBER_OBJECT_CONVERSION = YES_AGGRESSIVE;
				CLANG_CXX_LANGUAGE_STANDARD = "gnu++20";
				CLANG_ENABLE_MODULES = YES;
				CLANG_ENABLE_OBJC_ARC = YES;
				CLANG_ENABLE_OBJC_WEAK = YES;
				CLANG_WARN_BLOCK_CAPTURE_AUTORELEASING = YES;
				CLANG_WARN_BOOL_CONVERSION = YES;
				CLANG_WARN_COMMA = YES;
				CLANG_WARN_CONSTANT_CONVERSION = YES;
				CLANG_WARN_DEPRECATED_OBJC_IMPLEMENTATIONS = YES;
				CLANG_WARN_DIRECT_OBJC_ISA_USAGE = YES_ERROR;
				CLANG_WARN_DOCUMENTATION_COMMENTS = YES;
				CLANG_WARN_EMPTY_BODY = YES;
				CLANG_WARN_ENUM_CONVERSION = YES;
				CLANG_WARN_INFINITE_RECURSION = YES;
				CLANG_WARN_INT_CONVERSION = YES;
				CLANG_WARN_NON_LITERAL_NULL_CONVERSION = YES;
				CLANG_WARN_OBJC_IMPLICIT_RETAIN_SELF = YES;
				CLANG_WARN_OBJC_LITERAL_CONVERSION = YES;
				CLANG_WARN_OBJC_ROOT_CLASS = YES_ERROR;
				CLANG_WARN_QUOTED_INCLUDE_IN_FRAMEWORK_HEADER = YES;
				CLANG_WARN_RANGE_LOOP_ANALYSIS = YES;
				CLANG_WARN_STRICT_PROTOTYPES = YES;
				CLANG_WARN_SUSPICIOUS_MOVE = YES;
				CLANG_WARN_UNGUARDED_AVAILABILITY = YES_AGGRESSIVE;
				CLANG_WARN_UNREACHABLE_CODE = YES;
				CLANG_WARN__DUPLICATE_METHOD_MATCH = YES;
				COPY_PHASE_STRIP = NO;
				DEBUG_INFORMATION_FORMAT = dwarf;
				ENABLE_STRICT_OBJC_MSGSEND = YES;
				ENABLE_TESTABILITY = YES;
				GCC_C_LANGUAGE_STANDARD = gnu11;
				GCC_DYNAMIC_NO_PIC = NO;
				GCC_NO_COMMON_BLOCKS = YES;
				GCC_OPTIMIZATION_LEVEL = 0;
				GCC_PREPROCESSOR_DEFINITIONS = (
					"DEBUG=1",
					"$(inherited)",
				);
				GCC_WARN_64_TO_32_BIT_CONVERSION = YES;
				GCC_WARN_ABOUT_RETURN_TYPE = YES_ERROR;
				GCC_WARN_UNDECLARED_SELECTOR = YES;
				GCC_WARN_UNINITIALIZED_AUTOS = YES_AGGRESSIVE;
				GCC_WARN_UNUSED_FUNCTION = YES;
				GCC_WARN_UNUSED_VARIABLE = YES;
				IPHONEOS_DEPLOYMENT_TARGET = 16.0;
				MTL_ENABLE_DEBUG_INFO = INCLUDE_SOURCE;
				MTL_FAST_MATH = YES;
				ONLY_ACTIVE_ARCH = YES;
				SDKROOT = iphoneos;
				SWIFT_ACTIVE_COMPILATION_CONDITIONS = DEBUG;
				SWIFT_OPTIMIZATION_LEVEL = "-Onone";
			};
			name = Debug;
		};
		3A954A8E28E82AD900D5543C /* Release */ = {
			isa = XCBuildConfiguration;
			buildSettings = {
				ALWAYS_SEARCH_USER_PATHS = NO;
				CLANG_ANALYZER_NONNULL = YES;
				CLANG_ANALYZER_NUMBER_OBJECT_CONVERSION = YES_AGGRESSIVE;
				CLANG_CXX_LANGUAGE_STANDARD = "gnu++20";
				CLANG_ENABLE_MODULES = YES;
				CLANG_ENABLE_OBJC_ARC = YES;
				CLANG_ENABLE_OBJC_WEAK = YES;
				CLANG_WARN_BLOCK_CAPTURE_AUTORELEASING = YES;
				CLANG_WARN_BOOL_CONVERSION = YES;
				CLANG_WARN_COMMA = YES;
				CLANG_WARN_CONSTANT_CONVERSION = YES;
				CLANG_WARN_DEPRECATED_OBJC_IMPLEMENTATIONS = YES;
				CLANG_WARN_DIRECT_OBJC_ISA_USAGE = YES_ERROR;
				CLANG_WARN_DOCUMENTATION_COMMENTS = YES;
				CLANG_WARN_EMPTY_BODY = YES;
				CLANG_WARN_ENUM_CONVERSION = YES;
				CLANG_WARN_INFINITE_RECURSION = YES;
				CLANG_WARN_INT_CONVERSION = YES;
				CLANG_WARN_NON_LITERAL_NULL_CONVERSION = YES;
				CLANG_WARN_OBJC_IMPLICIT_RETAIN_SELF = YES;
				CLANG_WARN_OBJC_LITERAL_CONVERSION = YES;
				CLANG_WARN_OBJC_ROOT_CLASS = YES_ERROR;
				CLANG_WARN_QUOTED_INCLUDE_IN_FRAMEWORK_HEADER = YES;
				CLANG_WARN_RANGE_LOOP_ANALYSIS = YES;
				CLANG_WARN_STRICT_PROTOTYPES = YES;
				CLANG_WARN_SUSPICIOUS_MOVE = YES;
				CLANG_WARN_UNGUARDED_AVAILABILITY = YES_AGGRESSIVE;
				CLANG_WARN_UNREACHABLE_CODE = YES;
				CLANG_WARN__DUPLICATE_METHOD_MATCH = YES;
				COPY_PHASE_STRIP = NO;
				DEBUG_INFORMATION_FORMAT = "dwarf-with-dsym";
				ENABLE_NS_ASSERTIONS = NO;
				ENABLE_STRICT_OBJC_MSGSEND = YES;
				GCC_C_LANGUAGE_STANDARD = gnu11;
				GCC_NO_COMMON_BLOCKS = YES;
				GCC_WARN_64_TO_32_BIT_CONVERSION = YES;
				GCC_WARN_ABOUT_RETURN_TYPE = YES_ERROR;
				GCC_WARN_UNDECLARED_SELECTOR = YES;
				GCC_WARN_UNINITIALIZED_AUTOS = YES_AGGRESSIVE;
				GCC_WARN_UNUSED_FUNCTION = YES;
				GCC_WARN_UNUSED_VARIABLE = YES;
				IPHONEOS_DEPLOYMENT_TARGET = 16.0;
				MTL_ENABLE_DEBUG_INFO = NO;
				MTL_FAST_MATH = YES;
				SDKROOT = iphoneos;
				SWIFT_COMPILATION_MODE = wholemodule;
				SWIFT_OPTIMIZATION_LEVEL = "-O";
				VALIDATE_PRODUCT = YES;
			};
			name = Release;
		};
		3A954A9028E82AD900D5543C /* Debug */ = {
			isa = XCBuildConfiguration;
			buildSettings = {
				ASSETCATALOG_COMPILER_APPICON_NAME = AppIcon;
				ASSETCATALOG_COMPILER_GLOBAL_ACCENT_COLOR_NAME = AccentColor;
				CODE_SIGN_STYLE = Automatic;
				CURRENT_PROJECT_VERSION = 1;
				DEVELOPMENT_TEAM = X6S824DCXB;
				GENERATE_INFOPLIST_FILE = YES;
				INFOPLIST_FILE = "IMDb client VIPER/Application/Info.plist";
				INFOPLIST_KEY_UIApplicationSupportsIndirectInputEvents = YES;
				INFOPLIST_KEY_UILaunchStoryboardName = LaunchScreen.storyboar;
				INFOPLIST_KEY_UISupportedInterfaceOrientations = UIInterfaceOrientationPortrait;
				INFOPLIST_KEY_UISupportedInterfaceOrientations_iPad = "UIInterfaceOrientationLandscapeLeft UIInterfaceOrientationLandscapeRight UIInterfaceOrientationPortrait UIInterfaceOrientationPortraitUpsideDown";
				LD_RUNPATH_SEARCH_PATHS = (
					"$(inherited)",
					"@executable_path/Frameworks",
				);
				MARKETING_VERSION = 1.0;
				PRODUCT_BUNDLE_IDENTIFIER = "Golubeykov.IMDb-client-VIPER";
				PRODUCT_NAME = "$(TARGET_NAME)";
				SUPPORTED_PLATFORMS = "iphoneos iphonesimulator";
				SUPPORTS_MACCATALYST = NO;
				SUPPORTS_MAC_DESIGNED_FOR_IPHONE_IPAD = NO;
				SWIFT_EMIT_LOC_STRINGS = YES;
				SWIFT_VERSION = 5.0;
				TARGETED_DEVICE_FAMILY = 1;
			};
			name = Debug;
		};
		3A954A9128E82AD900D5543C /* Release */ = {
			isa = XCBuildConfiguration;
			buildSettings = {
				ASSETCATALOG_COMPILER_APPICON_NAME = AppIcon;
				ASSETCATALOG_COMPILER_GLOBAL_ACCENT_COLOR_NAME = AccentColor;
				CODE_SIGN_STYLE = Automatic;
				CURRENT_PROJECT_VERSION = 1;
				DEVELOPMENT_TEAM = X6S824DCXB;
				GENERATE_INFOPLIST_FILE = YES;
				INFOPLIST_FILE = "IMDb client VIPER/Application/Info.plist";
				INFOPLIST_KEY_UIApplicationSupportsIndirectInputEvents = YES;
				INFOPLIST_KEY_UILaunchStoryboardName = LaunchScreen.storyboar;
				INFOPLIST_KEY_UISupportedInterfaceOrientations = UIInterfaceOrientationPortrait;
				INFOPLIST_KEY_UISupportedInterfaceOrientations_iPad = "UIInterfaceOrientationLandscapeLeft UIInterfaceOrientationLandscapeRight UIInterfaceOrientationPortrait UIInterfaceOrientationPortraitUpsideDown";
				LD_RUNPATH_SEARCH_PATHS = (
					"$(inherited)",
					"@executable_path/Frameworks",
				);
				MARKETING_VERSION = 1.0;
				PRODUCT_BUNDLE_IDENTIFIER = "Golubeykov.IMDb-client-VIPER";
				PRODUCT_NAME = "$(TARGET_NAME)";
				SUPPORTED_PLATFORMS = "iphoneos iphonesimulator";
				SUPPORTS_MACCATALYST = NO;
				SUPPORTS_MAC_DESIGNED_FOR_IPHONE_IPAD = NO;
				SWIFT_EMIT_LOC_STRINGS = YES;
				SWIFT_VERSION = 5.0;
				TARGETED_DEVICE_FAMILY = 1;
			};
			name = Release;
		};
/* End XCBuildConfiguration section */

/* Begin XCConfigurationList section */
		3A954A7628E82AD700D5543C /* Build configuration list for PBXProject "IMDb client VIPER" */ = {
			isa = XCConfigurationList;
			buildConfigurations = (
				3A954A8D28E82AD900D5543C /* Debug */,
				3A954A8E28E82AD900D5543C /* Release */,
			);
			defaultConfigurationIsVisible = 0;
			defaultConfigurationName = Release;
		};
		3A954A8F28E82AD900D5543C /* Build configuration list for PBXNativeTarget "IMDb client VIPER" */ = {
			isa = XCConfigurationList;
			buildConfigurations = (
				3A954A9028E82AD900D5543C /* Debug */,
				3A954A9128E82AD900D5543C /* Release */,
			);
			defaultConfigurationIsVisible = 0;
			defaultConfigurationName = Release;
		};
/* End XCConfigurationList section */
	};
	rootObject = 3A954A7328E82AD700D5543C /* Project object */;
}
