// !$*UTF8*$!
{
	archiveVersion = 1;
	classes = {
	};
	objectVersion = 55;
	objects = {

/* Begin PBXBuildFile section */
		3A85BD5B28D1DD9C0082167C /* AppDelegate.swift in Sources */ = {isa = PBXBuildFile; fileRef = 3A85BD5A28D1DD9C0082167C /* AppDelegate.swift */; };
		3A85BD6428D1DD9F0082167C /* Assets.xcassets in Resources */ = {isa = PBXBuildFile; fileRef = 3A85BD6328D1DD9F0082167C /* Assets.xcassets */; };
		3A85BD6728D1DD9F0082167C /* LaunchScreen.storyboard in Resources */ = {isa = PBXBuildFile; fileRef = 3A85BD6528D1DD9F0082167C /* LaunchScreen.storyboard */; };
		3A85BD7828D1E3C60082167C /* MovieTableViewCell.swift in Sources */ = {isa = PBXBuildFile; fileRef = 3A85BD7628D1E3C60082167C /* MovieTableViewCell.swift */; };
		3A85BD7928D1E3C60082167C /* MovieTableViewCell.xib in Resources */ = {isa = PBXBuildFile; fileRef = 3A85BD7728D1E3C60082167C /* MovieTableViewCell.xib */; };
		3A85BD7C28D1E4C10082167C /* MoviesListViewController.swift in Sources */ = {isa = PBXBuildFile; fileRef = 3A85BD7A28D1E4C10082167C /* MoviesListViewController.swift */; };
		3A85BD7D28D1E4C10082167C /* MoviesListViewController.xib in Resources */ = {isa = PBXBuildFile; fileRef = 3A85BD7B28D1E4C10082167C /* MoviesListViewController.xib */; };
		3A85BD8028D1E7740082167C /* NetworkService.swift in Sources */ = {isa = PBXBuildFile; fileRef = 3A85BD7F28D1E7740082167C /* NetworkService.swift */; };
		3A85BD8228D1E7A10082167C /* JSONModel.swift in Sources */ = {isa = PBXBuildFile; fileRef = 3A85BD8128D1E7A10082167C /* JSONModel.swift */; };
		3A85BD8928D1F3F30082167C /* Movie.swift in Sources */ = {isa = PBXBuildFile; fileRef = 3A85BD8828D1F3F30082167C /* Movie.swift */; };
		3A85BD8B28D1F4E90082167C /* MoviesListPresenter.swift in Sources */ = {isa = PBXBuildFile; fileRef = 3A85BD8A28D1F4E90082167C /* MoviesListPresenter.swift */; };
		3A85BD8E28D2271C0082167C /* DetailedInfoViewController.swift in Sources */ = {isa = PBXBuildFile; fileRef = 3A85BD8C28D2271C0082167C /* DetailedInfoViewController.swift */; };
		3A85BD8F28D2271C0082167C /* DetailedInfoViewController.xib in Resources */ = {isa = PBXBuildFile; fileRef = 3A85BD8D28D2271C0082167C /* DetailedInfoViewController.xib */; };
		3A85BD9128D2272E0082167C /* DetailedInfoPresenter.swift in Sources */ = {isa = PBXBuildFile; fileRef = 3A85BD9028D2272E0082167C /* DetailedInfoPresenter.swift */; };
/* End PBXBuildFile section */

/* Begin PBXFileReference section */
		3A85BD5728D1DD9C0082167C /* IMDb client.app */ = {isa = PBXFileReference; explicitFileType = wrapper.application; includeInIndex = 0; path = "IMDb client.app"; sourceTree = BUILT_PRODUCTS_DIR; };
		3A85BD5A28D1DD9C0082167C /* AppDelegate.swift */ = {isa = PBXFileReference; lastKnownFileType = sourcecode.swift; path = AppDelegate.swift; sourceTree = "<group>"; };
		3A85BD6328D1DD9F0082167C /* Assets.xcassets */ = {isa = PBXFileReference; lastKnownFileType = folder.assetcatalog; path = Assets.xcassets; sourceTree = "<group>"; };
		3A85BD6628D1DD9F0082167C /* Base */ = {isa = PBXFileReference; lastKnownFileType = file.storyboard; name = Base; path = Base.lproj/LaunchScreen.storyboard; sourceTree = "<group>"; };
		3A85BD6828D1DD9F0082167C /* Info.plist */ = {isa = PBXFileReference; lastKnownFileType = text.plist.xml; path = Info.plist; sourceTree = "<group>"; };
		3A85BD7628D1E3C60082167C /* MovieTableViewCell.swift */ = {isa = PBXFileReference; lastKnownFileType = sourcecode.swift; path = MovieTableViewCell.swift; sourceTree = "<group>"; };
		3A85BD7728D1E3C60082167C /* MovieTableViewCell.xib */ = {isa = PBXFileReference; lastKnownFileType = file.xib; path = MovieTableViewCell.xib; sourceTree = "<group>"; };
		3A85BD7A28D1E4C10082167C /* MoviesListViewController.swift */ = {isa = PBXFileReference; lastKnownFileType = sourcecode.swift; path = MoviesListViewController.swift; sourceTree = "<group>"; };
		3A85BD7B28D1E4C10082167C /* MoviesListViewController.xib */ = {isa = PBXFileReference; lastKnownFileType = file.xib; path = MoviesListViewController.xib; sourceTree = "<group>"; };
		3A85BD7F28D1E7740082167C /* NetworkService.swift */ = {isa = PBXFileReference; lastKnownFileType = sourcecode.swift; path = NetworkService.swift; sourceTree = "<group>"; };
		3A85BD8128D1E7A10082167C /* JSONModel.swift */ = {isa = PBXFileReference; lastKnownFileType = sourcecode.swift; path = JSONModel.swift; sourceTree = "<group>"; };
		3A85BD8828D1F3F30082167C /* Movie.swift */ = {isa = PBXFileReference; lastKnownFileType = sourcecode.swift; path = Movie.swift; sourceTree = "<group>"; };
		3A85BD8A28D1F4E90082167C /* MoviesListPresenter.swift */ = {isa = PBXFileReference; lastKnownFileType = sourcecode.swift; path = MoviesListPresenter.swift; sourceTree = "<group>"; };
		3A85BD8C28D2271C0082167C /* DetailedInfoViewController.swift */ = {isa = PBXFileReference; lastKnownFileType = sourcecode.swift; path = DetailedInfoViewController.swift; sourceTree = "<group>"; };
		3A85BD8D28D2271C0082167C /* DetailedInfoViewController.xib */ = {isa = PBXFileReference; lastKnownFileType = file.xib; path = DetailedInfoViewController.xib; sourceTree = "<group>"; };
		3A85BD9028D2272E0082167C /* DetailedInfoPresenter.swift */ = {isa = PBXFileReference; lastKnownFileType = sourcecode.swift; path = DetailedInfoPresenter.swift; sourceTree = "<group>"; };
/* End PBXFileReference section */

/* Begin PBXFrameworksBuildPhase section */
		3A85BD5428D1DD9C0082167C /* Frameworks */ = {
			isa = PBXFrameworksBuildPhase;
			buildActionMask = 2147483647;
			files = (
			);
			runOnlyForDeploymentPostprocessing = 0;
		};
/* End PBXFrameworksBuildPhase section */

/* Begin PBXGroup section */
		3A85BD4E28D1DD9C0082167C = {
			isa = PBXGroup;
			children = (
				3A85BD5928D1DD9C0082167C /* IMDb client */,
				3A85BD5828D1DD9C0082167C /* Products */,
			);
			sourceTree = "<group>";
		};
		3A85BD5828D1DD9C0082167C /* Products */ = {
			isa = PBXGroup;
			children = (
				3A85BD5728D1DD9C0082167C /* IMDb client.app */,
			);
			name = Products;
			sourceTree = "<group>";
		};
		3A85BD5928D1DD9C0082167C /* IMDb client */ = {
			isa = PBXGroup;
			children = (
				3A85BD5A28D1DD9C0082167C /* AppDelegate.swift */,
				3A85BD6F28D1E0C20082167C /* Application */,
				3A85BD6E28D1E0BA0082167C /* Services */,
				3A85BD7028D1E3420082167C /* MoviesListModule */,
				3A85BD7128D1E3540082167C /* DetailedMovieInfoModule */,
				3A85BD8328D1F0920082167C /* Model */,
			);
			path = "IMDb client";
			sourceTree = "<group>";
		};
		3A85BD6E28D1E0BA0082167C /* Services */ = {
			isa = PBXGroup;
			children = (
				3A85BD7E28D1E74B0082167C /* NetworkService */,
			);
			path = Services;
			sourceTree = "<group>";
		};
		3A85BD6F28D1E0C20082167C /* Application */ = {
			isa = PBXGroup;
			children = (
				3A85BD6328D1DD9F0082167C /* Assets.xcassets */,
				3A85BD6528D1DD9F0082167C /* LaunchScreen.storyboard */,
				3A85BD6828D1DD9F0082167C /* Info.plist */,
			);
			path = Application;
			sourceTree = "<group>";
		};
		3A85BD7028D1E3420082167C /* MoviesListModule */ = {
			isa = PBXGroup;
			children = (
				3A85BD7428D1E3A10082167C /* View */,
				3A85BD8428D1F0970082167C /* Presenter */,
			);
			path = MoviesListModule;
			sourceTree = "<group>";
		};
		3A85BD7128D1E3540082167C /* DetailedMovieInfoModule */ = {
			isa = PBXGroup;
			children = (
				3A85BD8528D1F09F0082167C /* View */,
				3A85BD8728D1F0A70082167C /* Presenter */,
			);
			path = DetailedMovieInfoModule;
			sourceTree = "<group>";
		};
		3A85BD7428D1E3A10082167C /* View */ = {
			isa = PBXGroup;
			children = (
				3A85BD7528D1E3AC0082167C /* MovieCell */,
				3A85BD7A28D1E4C10082167C /* MoviesListViewController.swift */,
				3A85BD7B28D1E4C10082167C /* MoviesListViewController.xib */,
			);
			path = View;
			sourceTree = "<group>";
		};
		3A85BD7528D1E3AC0082167C /* MovieCell */ = {
			isa = PBXGroup;
			children = (
				3A85BD7628D1E3C60082167C /* MovieTableViewCell.swift */,
				3A85BD7728D1E3C60082167C /* MovieTableViewCell.xib */,
			);
			path = MovieCell;
			sourceTree = "<group>";
		};
		3A85BD7E28D1E74B0082167C /* NetworkService */ = {
			isa = PBXGroup;
			children = (
				3A85BD7F28D1E7740082167C /* NetworkService.swift */,
				3A85BD8128D1E7A10082167C /* JSONModel.swift */,
			);
			path = NetworkService;
			sourceTree = "<group>";
		};
		3A85BD8328D1F0920082167C /* Model */ = {
			isa = PBXGroup;
			children = (
				3A85BD8828D1F3F30082167C /* Movie.swift */,
			);
			path = Model;
			sourceTree = "<group>";
		};
		3A85BD8428D1F0970082167C /* Presenter */ = {
			isa = PBXGroup;
			children = (
				3A85BD8A28D1F4E90082167C /* MoviesListPresenter.swift */,
			);
			path = Presenter;
			sourceTree = "<group>";
		};
		3A85BD8528D1F09F0082167C /* View */ = {
			isa = PBXGroup;
			children = (
				3A85BD8C28D2271C0082167C /* DetailedInfoViewController.swift */,
				3A85BD8D28D2271C0082167C /* DetailedInfoViewController.xib */,
			);
			path = View;
			sourceTree = "<group>";
		};
		3A85BD8728D1F0A70082167C /* Presenter */ = {
			isa = PBXGroup;
			children = (
				3A85BD9028D2272E0082167C /* DetailedInfoPresenter.swift */,
			);
			path = Presenter;
			sourceTree = "<group>";
		};
/* End PBXGroup section */

/* Begin PBXNativeTarget section */
		3A85BD5628D1DD9C0082167C /* IMDb client */ = {
			isa = PBXNativeTarget;
			buildConfigurationList = 3A85BD6B28D1DD9F0082167C /* Build configuration list for PBXNativeTarget "IMDb client" */;
			buildPhases = (
				3A85BD5328D1DD9C0082167C /* Sources */,
				3A85BD5428D1DD9C0082167C /* Frameworks */,
				3A85BD5528D1DD9C0082167C /* Resources */,
			);
			buildRules = (
			);
			dependencies = (
			);
			name = "IMDb client";
			productName = "IMDb client";
			productReference = 3A85BD5728D1DD9C0082167C /* IMDb client.app */;
			productType = "com.apple.product-type.application";
		};
/* End PBXNativeTarget section */

/* Begin PBXProject section */
		3A85BD4F28D1DD9C0082167C /* Project object */ = {
			isa = PBXProject;
			attributes = {
				BuildIndependentTargetsInParallel = 1;
				LastSwiftUpdateCheck = 1330;
				LastUpgradeCheck = 1330;
				TargetAttributes = {
					3A85BD5628D1DD9C0082167C = {
						CreatedOnToolsVersion = 13.3.1;
					};
				};
			};
			buildConfigurationList = 3A85BD5228D1DD9C0082167C /* Build configuration list for PBXProject "IMDb client" */;
			compatibilityVersion = "Xcode 13.0";
			developmentRegion = en;
			hasScannedForEncodings = 0;
			knownRegions = (
				en,
				Base,
			);
			mainGroup = 3A85BD4E28D1DD9C0082167C;
			productRefGroup = 3A85BD5828D1DD9C0082167C /* Products */;
			projectDirPath = "";
			projectRoot = "";
			targets = (
				3A85BD5628D1DD9C0082167C /* IMDb client */,
			);
		};
/* End PBXProject section */

/* Begin PBXResourcesBuildPhase section */
		3A85BD5528D1DD9C0082167C /* Resources */ = {
			isa = PBXResourcesBuildPhase;
			buildActionMask = 2147483647;
			files = (
				3A85BD6728D1DD9F0082167C /* LaunchScreen.storyboard in Resources */,
				3A85BD8F28D2271C0082167C /* DetailedInfoViewController.xib in Resources */,
				3A85BD6428D1DD9F0082167C /* Assets.xcassets in Resources */,
				3A85BD7928D1E3C60082167C /* MovieTableViewCell.xib in Resources */,
				3A85BD7D28D1E4C10082167C /* MoviesListViewController.xib in Resources */,
			);
			runOnlyForDeploymentPostprocessing = 0;
		};
/* End PBXResourcesBuildPhase section */

/* Begin PBXSourcesBuildPhase section */
		3A85BD5328D1DD9C0082167C /* Sources */ = {
			isa = PBXSourcesBuildPhase;
			buildActionMask = 2147483647;
			files = (
				3A85BD9128D2272E0082167C /* DetailedInfoPresenter.swift in Sources */,
				3A85BD8228D1E7A10082167C /* JSONModel.swift in Sources */,
				3A85BD5B28D1DD9C0082167C /* AppDelegate.swift in Sources */,
				3A85BD8928D1F3F30082167C /* Movie.swift in Sources */,
				3A85BD8B28D1F4E90082167C /* MoviesListPresenter.swift in Sources */,
				3A85BD8E28D2271C0082167C /* DetailedInfoViewController.swift in Sources */,
				3A85BD7828D1E3C60082167C /* MovieTableViewCell.swift in Sources */,
				3A85BD8028D1E7740082167C /* NetworkService.swift in Sources */,
				3A85BD7C28D1E4C10082167C /* MoviesListViewController.swift in Sources */,
			);
			runOnlyForDeploymentPostprocessing = 0;
		};
/* End PBXSourcesBuildPhase section */

/* Begin PBXVariantGroup section */
		3A85BD6528D1DD9F0082167C /* LaunchScreen.storyboard */ = {
			isa = PBXVariantGroup;
			children = (
				3A85BD6628D1DD9F0082167C /* Base */,
			);
			name = LaunchScreen.storyboard;
			sourceTree = "<group>";
		};
/* End PBXVariantGroup section */

/* Begin XCBuildConfiguration section */
		3A85BD6928D1DD9F0082167C /* Debug */ = {
			isa = XCBuildConfiguration;
			buildSettings = {
				ALWAYS_SEARCH_USER_PATHS = NO;
				CLANG_ANALYZER_NONNULL = YES;
				CLANG_ANALYZER_NUMBER_OBJECT_CONVERSION = YES_AGGRESSIVE;
				CLANG_CXX_LANGUAGE_STANDARD = "gnu++17";
				CLANG_ENABLE_MODULES = YES;
				CLANG_ENABLE_OBJC_ARC = YES;
				CLANG_ENABLE_OBJC_WEAK = YES;
				CLANG_WARN_BLOCK_CAPTURE_AUTORELEASING = YES;
				CLANG_WARN_BOOL_CONVERSION = YES;
				CLANG_WARN_COMMA = YES;
				CLANG_WARN_CONSTANT_CONVERSION = YES;
				CLANG_WARN_DEPRECATED_OBJC_IMPLEMENTATIONS = YES;
				CLANG_WARN_DIRECT_OBJC_ISA_USAGE = YES_ERROR;
				CLANG_WARN_DOCUMENTATION_COMMENTS = YES;
				CLANG_WARN_EMPTY_BODY = YES;
				CLANG_WARN_ENUM_CONVERSION = YES;
				CLANG_WARN_INFINITE_RECURSION = YES;
				CLANG_WARN_INT_CONVERSION = YES;
				CLANG_WARN_NON_LITERAL_NULL_CONVERSION = YES;
				CLANG_WARN_OBJC_IMPLICIT_RETAIN_SELF = YES;
				CLANG_WARN_OBJC_LITERAL_CONVERSION = YES;
				CLANG_WARN_OBJC_ROOT_CLASS = YES_ERROR;
				CLANG_WARN_QUOTED_INCLUDE_IN_FRAMEWORK_HEADER = YES;
				CLANG_WARN_RANGE_LOOP_ANALYSIS = YES;
				CLANG_WARN_STRICT_PROTOTYPES = YES;
				CLANG_WARN_SUSPICIOUS_MOVE = YES;
				CLANG_WARN_UNGUARDED_AVAILABILITY = YES_AGGRESSIVE;
				CLANG_WARN_UNREACHABLE_CODE = YES;
				CLANG_WARN__DUPLICATE_METHOD_MATCH = YES;
				COPY_PHASE_STRIP = NO;
				DEBUG_INFORMATION_FORMAT = dwarf;
				ENABLE_STRICT_OBJC_MSGSEND = YES;
				ENABLE_TESTABILITY = YES;
				GCC_C_LANGUAGE_STANDARD = gnu11;
				GCC_DYNAMIC_NO_PIC = NO;
				GCC_NO_COMMON_BLOCKS = YES;
				GCC_OPTIMIZATION_LEVEL = 0;
				GCC_PREPROCESSOR_DEFINITIONS = (
					"DEBUG=1",
					"$(inherited)",
				);
				GCC_WARN_64_TO_32_BIT_CONVERSION = YES;
				GCC_WARN_ABOUT_RETURN_TYPE = YES_ERROR;
				GCC_WARN_UNDECLARED_SELECTOR = YES;
				GCC_WARN_UNINITIALIZED_AUTOS = YES_AGGRESSIVE;
				GCC_WARN_UNUSED_FUNCTION = YES;
				GCC_WARN_UNUSED_VARIABLE = YES;
				IPHONEOS_DEPLOYMENT_TARGET = 15.4;
				MTL_ENABLE_DEBUG_INFO = INCLUDE_SOURCE;
				MTL_FAST_MATH = YES;
				ONLY_ACTIVE_ARCH = YES;
				SDKROOT = iphoneos;
				SWIFT_ACTIVE_COMPILATION_CONDITIONS = DEBUG;
				SWIFT_OPTIMIZATION_LEVEL = "-Onone";
			};
			name = Debug;
		};
		3A85BD6A28D1DD9F0082167C /* Release */ = {
			isa = XCBuildConfiguration;
			buildSettings = {
				ALWAYS_SEARCH_USER_PATHS = NO;
				CLANG_ANALYZER_NONNULL = YES;
				CLANG_ANALYZER_NUMBER_OBJECT_CONVERSION = YES_AGGRESSIVE;
				CLANG_CXX_LANGUAGE_STANDARD = "gnu++17";
				CLANG_ENABLE_MODULES = YES;
				CLANG_ENABLE_OBJC_ARC = YES;
				CLANG_ENABLE_OBJC_WEAK = YES;
				CLANG_WARN_BLOCK_CAPTURE_AUTORELEASING = YES;
				CLANG_WARN_BOOL_CONVERSION = YES;
				CLANG_WARN_COMMA = YES;
				CLANG_WARN_CONSTANT_CONVERSION = YES;
				CLANG_WARN_DEPRECATED_OBJC_IMPLEMENTATIONS = YES;
				CLANG_WARN_DIRECT_OBJC_ISA_USAGE = YES_ERROR;
				CLANG_WARN_DOCUMENTATION_COMMENTS = YES;
				CLANG_WARN_EMPTY_BODY = YES;
				CLANG_WARN_ENUM_CONVERSION = YES;
				CLANG_WARN_INFINITE_RECURSION = YES;
				CLANG_WARN_INT_CONVERSION = YES;
				CLANG_WARN_NON_LITERAL_NULL_CONVERSION = YES;
				CLANG_WARN_OBJC_IMPLICIT_RETAIN_SELF = YES;
				CLANG_WARN_OBJC_LITERAL_CONVERSION = YES;
				CLANG_WARN_OBJC_ROOT_CLASS = YES_ERROR;
				CLANG_WARN_QUOTED_INCLUDE_IN_FRAMEWORK_HEADER = YES;
				CLANG_WARN_RANGE_LOOP_ANALYSIS = YES;
				CLANG_WARN_STRICT_PROTOTYPES = YES;
				CLANG_WARN_SUSPICIOUS_MOVE = YES;
				CLANG_WARN_UNGUARDED_AVAILABILITY = YES_AGGRESSIVE;
				CLANG_WARN_UNREACHABLE_CODE = YES;
				CLANG_WARN__DUPLICATE_METHOD_MATCH = YES;
				COPY_PHASE_STRIP = NO;
				DEBUG_INFORMATION_FORMAT = "dwarf-with-dsym";
				ENABLE_NS_ASSERTIONS = NO;
				ENABLE_STRICT_OBJC_MSGSEND = YES;
				GCC_C_LANGUAGE_STANDARD = gnu11;
				GCC_NO_COMMON_BLOCKS = YES;
				GCC_WARN_64_TO_32_BIT_CONVERSION = YES;
				GCC_WARN_ABOUT_RETURN_TYPE = YES_ERROR;
				GCC_WARN_UNDECLARED_SELECTOR = YES;
				GCC_WARN_UNINITIALIZED_AUTOS = YES_AGGRESSIVE;
				GCC_WARN_UNUSED_FUNCTION = YES;
				GCC_WARN_UNUSED_VARIABLE = YES;
				IPHONEOS_DEPLOYMENT_TARGET = 15.4;
				MTL_ENABLE_DEBUG_INFO = NO;
				MTL_FAST_MATH = YES;
				SDKROOT = iphoneos;
				SWIFT_COMPILATION_MODE = wholemodule;
				SWIFT_OPTIMIZATION_LEVEL = "-O";
				VALIDATE_PRODUCT = YES;
			};
			name = Release;
		};
		3A85BD6C28D1DD9F0082167C /* Debug */ = {
			isa = XCBuildConfiguration;
			buildSettings = {
				ASSETCATALOG_COMPILER_APPICON_NAME = AppIcon;
				ASSETCATALOG_COMPILER_GLOBAL_ACCENT_COLOR_NAME = AccentColor;
				CODE_SIGN_STYLE = Automatic;
				CURRENT_PROJECT_VERSION = 1;
				DEVELOPMENT_TEAM = X6S824DCXB;
				GENERATE_INFOPLIST_FILE = YES;
				INFOPLIST_FILE = "IMDb client/Application/Info.plist";
				INFOPLIST_KEY_UIApplicationSupportsIndirectInputEvents = YES;
				INFOPLIST_KEY_UILaunchStoryboardName = LaunchScreen;
				INFOPLIST_KEY_UISupportedInterfaceOrientations_iPad = "UIInterfaceOrientationPortrait UIInterfaceOrientationPortraitUpsideDown UIInterfaceOrientationLandscapeLeft UIInterfaceOrientationLandscapeRight";
				INFOPLIST_KEY_UISupportedInterfaceOrientations_iPhone = "UIInterfaceOrientationPortrait UIInterfaceOrientationLandscapeLeft UIInterfaceOrientationLandscapeRight";
				LD_RUNPATH_SEARCH_PATHS = (
					"$(inherited)",
					"@executable_path/Frameworks",
				);
				MARKETING_VERSION = 1.0;
				PRODUCT_BUNDLE_IDENTIFIER = "golubeykov.IMDb-client";
				PRODUCT_NAME = "$(TARGET_NAME)";
				SWIFT_EMIT_LOC_STRINGS = YES;
				SWIFT_VERSION = 5.0;
				TARGETED_DEVICE_FAMILY = "1,2";
			};
			name = Debug;
		};
		3A85BD6D28D1DD9F0082167C /* Release */ = {
			isa = XCBuildConfiguration;
			buildSettings = {
				ASSETCATALOG_COMPILER_APPICON_NAME = AppIcon;
				ASSETCATALOG_COMPILER_GLOBAL_ACCENT_COLOR_NAME = AccentColor;
				CODE_SIGN_STYLE = Automatic;
				CURRENT_PROJECT_VERSION = 1;
				DEVELOPMENT_TEAM = X6S824DCXB;
				GENERATE_INFOPLIST_FILE = YES;
				INFOPLIST_FILE = "IMDb client/Application/Info.plist";
				INFOPLIST_KEY_UIApplicationSupportsIndirectInputEvents = YES;
				INFOPLIST_KEY_UILaunchStoryboardName = LaunchScreen;
				INFOPLIST_KEY_UISupportedInterfaceOrientations_iPad = "UIInterfaceOrientationPortrait UIInterfaceOrientationPortraitUpsideDown UIInterfaceOrientationLandscapeLeft UIInterfaceOrientationLandscapeRight";
				INFOPLIST_KEY_UISupportedInterfaceOrientations_iPhone = "UIInterfaceOrientationPortrait UIInterfaceOrientationLandscapeLeft UIInterfaceOrientationLandscapeRight";
				LD_RUNPATH_SEARCH_PATHS = (
					"$(inherited)",
					"@executable_path/Frameworks",
				);
				MARKETING_VERSION = 1.0;
				PRODUCT_BUNDLE_IDENTIFIER = "golubeykov.IMDb-client";
				PRODUCT_NAME = "$(TARGET_NAME)";
				SWIFT_EMIT_LOC_STRINGS = YES;
				SWIFT_VERSION = 5.0;
				TARGETED_DEVICE_FAMILY = "1,2";
			};
			name = Release;
		};
/* End XCBuildConfiguration section */

/* Begin XCConfigurationList section */
		3A85BD5228D1DD9C0082167C /* Build configuration list for PBXProject "IMDb client" */ = {
			isa = XCConfigurationList;
			buildConfigurations = (
				3A85BD6928D1DD9F0082167C /* Debug */,
				3A85BD6A28D1DD9F0082167C /* Release */,
			);
			defaultConfigurationIsVisible = 0;
			defaultConfigurationName = Release;
		};
		3A85BD6B28D1DD9F0082167C /* Build configuration list for PBXNativeTarget "IMDb client" */ = {
			isa = XCConfigurationList;
			buildConfigurations = (
				3A85BD6C28D1DD9F0082167C /* Debug */,
				3A85BD6D28D1DD9F0082167C /* Release */,
			);
			defaultConfigurationIsVisible = 0;
			defaultConfigurationName = Release;
		};
/* End XCConfigurationList section */
	};
	rootObject = 3A85BD4F28D1DD9C0082167C /* Project object */;
}
